
Microsoft Visual Studio Solution File, Format Version 12.00
# Visual Studio Version 17
VisualStudioVersion = 17.0.31903.59
MinimumVisualStudioVersion = 10.0.40219.1
Project("{FAE04EC0-301F-11D3-BF4B-00C04F79EFBC}") = "PaymentContext.Domain", "PaymentContext.Domain\PaymentContext.Domain.csproj", "{B9E77BB1-1939-4610-B754-795E64402792}"
EndProject
Project("{FAE04EC0-301F-11D3-BF4B-00C04F79EFBC}") = "PaymentContext.Shared", "PaymentContext.Shared\PaymentContext.Shared.csproj", "{3EE628A4-654A-44A9-8495-F7A20064F993}"
EndProject
Project("{FAE04EC0-301F-11D3-BF4B-00C04F79EFBC}") = "PaymentContext.Tests", "PaymentContext.Tests\PaymentContext.Tests.csproj", "{A625270D-4305-4E0D-9188-6F0F0ADFDC64}"
EndProject
Global
	GlobalSection(SolutionConfigurationPlatforms) = preSolution
		Debug|Any CPU = Debug|Any CPU
		Release|Any CPU = Release|Any CPU
	EndGlobalSection
	GlobalSection(SolutionProperties) = preSolution
		HideSolutionNode = FALSE
	EndGlobalSection
	GlobalSection(ProjectConfigurationPlatforms) = postSolution
		{B9E77BB1-1939-4610-B754-795E64402792}.Debug|Any CPU.ActiveCfg = Debug|Any CPU
		{B9E77BB1-1939-4610-B754-795E64402792}.Debug|Any CPU.Build.0 = Debug|Any CPU
		{B9E77BB1-1939-4610-B754-795E64402792}.Release|Any CPU.ActiveCfg = Release|Any CPU
		{B9E77BB1-1939-4610-B754-795E64402792}.Release|Any CPU.Build.0 = Release|Any CPU
		{3EE628A4-654A-44A9-8495-F7A20064F993}.Debug|Any CPU.ActiveCfg = Debug|Any CPU
		{3EE628A4-654A-44A9-8495-F7A20064F993}.Debug|Any CPU.Build.0 = Debug|Any CPU
		{3EE628A4-654A-44A9-8495-F7A20064F993}.Release|Any CPU.ActiveCfg = Release|Any CPU
		{3EE628A4-654A-44A9-8495-F7A20064F993}.Release|Any CPU.Build.0 = Release|Any CPU
		{A625270D-4305-4E0D-9188-6F0F0ADFDC64}.Debug|Any CPU.ActiveCfg = Debug|Any CPU
		{A625270D-4305-4E0D-9188-6F0F0ADFDC64}.Debug|Any CPU.Build.0 = Debug|Any CPU
		{A625270D-4305-4E0D-9188-6F0F0ADFDC64}.Release|Any CPU.ActiveCfg = Release|Any CPU
		{A625270D-4305-4E0D-9188-6F0F0ADFDC64}.Release|Any CPU.Build.0 = Release|Any CPU
	EndGlobalSection
EndGlobal
